// !$*UTF8*$!
{
	archiveVersion = 1;
	classes = {
	};
	objectVersion = 50;
	objects = {

/* Begin PBXBuildFile section */
		26B21F664CA339821BF80D52 /* libPods-LiveStreamApp.a in Frameworks */ = {isa = PBXBuildFile; fileRef = AEDAA0FD5F9DF5F081A7C7B4 /* libPods-LiveStreamApp.a */; };
		D347468221BB8AD400ECF5D5 /* AppDelegate.m in Sources */ = {isa = PBXBuildFile; fileRef = D347468121BB8AD400ECF5D5 /* AppDelegate.m */; };
		D347468521BB8AD400ECF5D5 /* ViewController.mm in Sources */ = {isa = PBXBuildFile; fileRef = D347468421BB8AD400ECF5D5 /* ViewController.mm */; };
		D347468821BB8AD400ECF5D5 /* Main.storyboard in Resources */ = {isa = PBXBuildFile; fileRef = D347468621BB8AD400ECF5D5 /* Main.storyboard */; };
		D347468A21BB8AD500ECF5D5 /* Assets.xcassets in Resources */ = {isa = PBXBuildFile; fileRef = D347468921BB8AD500ECF5D5 /* Assets.xcassets */; };
		D347468D21BB8AD500ECF5D5 /* LaunchScreen.storyboard in Resources */ = {isa = PBXBuildFile; fileRef = D347468B21BB8AD500ECF5D5 /* LaunchScreen.storyboard */; };
		D347469021BB8AD500ECF5D5 /* main.m in Sources */ = {isa = PBXBuildFile; fileRef = D347468F21BB8AD500ECF5D5 /* main.m */; };
		D3750B2D21BCF6A2009A0F11 /* test.pcm in Resources */ = {isa = PBXBuildFile; fileRef = D3750B2C21BCF6A2009A0F11 /* test.pcm */; };
		D3750B3121BCF9EA009A0F11 /* libmp3lame.a in Frameworks */ = {isa = PBXBuildFile; fileRef = D3750B3021BCF9EA009A0F11 /* libmp3lame.a */; };
		D3CEE25B21BD4935005F7A02 /* libz.1.dylib in Frameworks */ = {isa = PBXBuildFile; fileRef = D3CEE25A21BD4935005F7A02 /* libz.1.dylib */; };
		D3CEE25D21BD494B005F7A02 /* libbz2.1.0.dylib in Frameworks */ = {isa = PBXBuildFile; fileRef = D3CEE25C21BD494A005F7A02 /* libbz2.1.0.dylib */; };
		D3CEE25F21BD4967005F7A02 /* libiconv.2.dylib in Frameworks */ = {isa = PBXBuildFile; fileRef = D3CEE25E21BD4967005F7A02 /* libiconv.2.dylib */; };
		D3CEE27521BD4D04005F7A02 /* FFmpeg-iOS in Resources */ = {isa = PBXBuildFile; fileRef = D3CEE27421BD4D04005F7A02 /* FFmpeg-iOS */; };
		D3CEE27C21BD4D19005F7A02 /* libavcodec.a in Frameworks */ = {isa = PBXBuildFile; fileRef = D3CEE27621BD4D18005F7A02 /* libavcodec.a */; };
		D3CEE27D21BD4D19005F7A02 /* libavfilter.a in Frameworks */ = {isa = PBXBuildFile; fileRef = D3CEE27721BD4D19005F7A02 /* libavfilter.a */; };
		D3CEE27E21BD4D19005F7A02 /* libavutil.a in Frameworks */ = {isa = PBXBuildFile; fileRef = D3CEE27821BD4D19005F7A02 /* libavutil.a */; };
		D3CEE27F21BD4D19005F7A02 /* libswresample.a in Frameworks */ = {isa = PBXBuildFile; fileRef = D3CEE27921BD4D19005F7A02 /* libswresample.a */; };
		D3CEE28021BD4D19005F7A02 /* libswscale.a in Frameworks */ = {isa = PBXBuildFile; fileRef = D3CEE27A21BD4D19005F7A02 /* libswscale.a */; };
		D3CEE28121BD4D19005F7A02 /* libavformat.a in Frameworks */ = {isa = PBXBuildFile; fileRef = D3CEE27B21BD4D19005F7A02 /* libavformat.a */; };
		D3CEE28321BD4D3F005F7A02 /* libfdk-aac.a in Frameworks */ = {isa = PBXBuildFile; fileRef = D3CEE28221BD4D3E005F7A02 /* libfdk-aac.a */; };
		D3CEE28521BD4D4E005F7A02 /* libx264.a in Frameworks */ = {isa = PBXBuildFile; fileRef = D3CEE28421BD4D4E005F7A02 /* libx264.a */; };
		D3CEE2DC21BD4E92005F7A02 /* FFmpegManager.m in Sources */ = {isa = PBXBuildFile; fileRef = D3CEE2DB21BD4E92005F7A02 /* FFmpegManager.m */; };
/* End PBXBuildFile section */

/* Begin PBXFileReference section */
		562AD79AC9581D9C90A6BBC0 /* Pods-LiveStreamApp.release.xcconfig */ = {isa = PBXFileReference; includeInIndex = 1; lastKnownFileType = text.xcconfig; name = "Pods-LiveStreamApp.release.xcconfig"; path = "Pods/Target Support Files/Pods-LiveStreamApp/Pods-LiveStreamApp.release.xcconfig"; sourceTree = "<group>"; };
		8E55F56B8FE0616DECA1BD98 /* Pods-LiveStreamApp.debug.xcconfig */ = {isa = PBXFileReference; includeInIndex = 1; lastKnownFileType = text.xcconfig; name = "Pods-LiveStreamApp.debug.xcconfig"; path = "Pods/Target Support Files/Pods-LiveStreamApp/Pods-LiveStreamApp.debug.xcconfig"; sourceTree = "<group>"; };
		AEDAA0FD5F9DF5F081A7C7B4 /* libPods-LiveStreamApp.a */ = {isa = PBXFileReference; explicitFileType = archive.ar; includeInIndex = 0; path = "libPods-LiveStreamApp.a"; sourceTree = BUILT_PRODUCTS_DIR; };
		D347467D21BB8AD400ECF5D5 /* LiveStreamApp.app */ = {isa = PBXFileReference; explicitFileType = wrapper.application; includeInIndex = 0; path = LiveStreamApp.app; sourceTree = BUILT_PRODUCTS_DIR; };
		D347468021BB8AD400ECF5D5 /* AppDelegate.h */ = {isa = PBXFileReference; lastKnownFileType = sourcecode.c.h; path = AppDelegate.h; sourceTree = "<group>"; };
		D347468121BB8AD400ECF5D5 /* AppDelegate.m */ = {isa = PBXFileReference; lastKnownFileType = sourcecode.c.objc; path = AppDelegate.m; sourceTree = "<group>"; };
		D347468321BB8AD400ECF5D5 /* ViewController.h */ = {isa = PBXFileReference; lastKnownFileType = sourcecode.c.h; path = ViewController.h; sourceTree = "<group>"; };
		D347468421BB8AD400ECF5D5 /* ViewController.mm */ = {isa = PBXFileReference; lastKnownFileType = sourcecode.cpp.objcpp; path = ViewController.mm; sourceTree = "<group>"; };
		D347468721BB8AD400ECF5D5 /* Base */ = {isa = PBXFileReference; lastKnownFileType = file.storyboard; name = Base; path = Base.lproj/Main.storyboard; sourceTree = "<group>"; };
		D347468921BB8AD500ECF5D5 /* Assets.xcassets */ = {isa = PBXFileReference; lastKnownFileType = folder.assetcatalog; path = Assets.xcassets; sourceTree = "<group>"; };
		D347468C21BB8AD500ECF5D5 /* Base */ = {isa = PBXFileReference; lastKnownFileType = file.storyboard; name = Base; path = Base.lproj/LaunchScreen.storyboard; sourceTree = "<group>"; };
		D347468E21BB8AD500ECF5D5 /* Info.plist */ = {isa = PBXFileReference; lastKnownFileType = text.plist.xml; path = Info.plist; sourceTree = "<group>"; };
		D347468F21BB8AD500ECF5D5 /* main.m */ = {isa = PBXFileReference; lastKnownFileType = sourcecode.c.objc; path = main.m; sourceTree = "<group>"; };
		D347469721BB8BD500ECF5D5 /* MP3Encoder.hpp */ = {isa = PBXFileReference; lastKnownFileType = sourcecode.cpp.h; path = MP3Encoder.hpp; sourceTree = "<group>"; };
		D3750B2C21BCF6A2009A0F11 /* test.pcm */ = {isa = PBXFileReference; lastKnownFileType = file; path = test.pcm; sourceTree = "<group>"; };
		D3750B3021BCF9EA009A0F11 /* libmp3lame.a */ = {isa = PBXFileReference; lastKnownFileType = archive.ar; path = libmp3lame.a; sourceTree = "<group>"; };
		D3CEE25A21BD4935005F7A02 /* libz.1.dylib */ = {isa = PBXFileReference; lastKnownFileType = "compiled.mach-o.dylib"; name = libz.1.dylib; path = ../../../../usr/lib/libz.1.dylib; sourceTree = "<group>"; };
		D3CEE25C21BD494A005F7A02 /* libbz2.1.0.dylib */ = {isa = PBXFileReference; lastKnownFileType = "compiled.mach-o.dylib"; name = libbz2.1.0.dylib; path = ../../../../usr/lib/libbz2.1.0.dylib; sourceTree = "<group>"; };
		D3CEE25E21BD4967005F7A02 /* libiconv.2.dylib */ = {isa = PBXFileReference; lastKnownFileType = "compiled.mach-o.dylib"; name = libiconv.2.dylib; path = ../../../../usr/lib/libiconv.2.dylib; sourceTree = "<group>"; };
		D3CEE27421BD4D04005F7A02 /* FFmpeg-iOS */ = {isa = PBXFileReference; lastKnownFileType = folder; path = "FFmpeg-iOS"; sourceTree = "<group>"; };
		D3CEE27621BD4D18005F7A02 /* libavcodec.a */ = {isa = PBXFileReference; lastKnownFileType = archive.ar; name = libavcodec.a; path = "FFmpeg-iOS/lib/libavcodec.a"; sourceTree = "<group>"; };
		D3CEE27721BD4D19005F7A02 /* libavfilter.a */ = {isa = PBXFileReference; lastKnownFileType = archive.ar; name = libavfilter.a; path = "FFmpeg-iOS/lib/libavfilter.a"; sourceTree = "<group>"; };
		D3CEE27821BD4D19005F7A02 /* libavutil.a */ = {isa = PBXFileReference; lastKnownFileType = archive.ar; name = libavutil.a; path = "FFmpeg-iOS/lib/libavutil.a"; sourceTree = "<group>"; };
		D3CEE27921BD4D19005F7A02 /* libswresample.a */ = {isa = PBXFileReference; lastKnownFileType = archive.ar; name = libswresample.a; path = "FFmpeg-iOS/lib/libswresample.a"; sourceTree = "<group>"; };
		D3CEE27A21BD4D19005F7A02 /* libswscale.a */ = {isa = PBXFileReference; lastKnownFileType = archive.ar; name = libswscale.a; path = "FFmpeg-iOS/lib/libswscale.a"; sourceTree = "<group>"; };
		D3CEE27B21BD4D19005F7A02 /* libavformat.a */ = {isa = PBXFileReference; lastKnownFileType = archive.ar; name = libavformat.a; path = "FFmpeg-iOS/lib/libavformat.a"; sourceTree = "<group>"; };
		D3CEE28221BD4D3E005F7A02 /* libfdk-aac.a */ = {isa = PBXFileReference; lastKnownFileType = archive.ar; path = "libfdk-aac.a"; sourceTree = "<group>"; };
		D3CEE28421BD4D4E005F7A02 /* libx264.a */ = {isa = PBXFileReference; lastKnownFileType = archive.ar; path = libx264.a; sourceTree = "<group>"; };
		D3CEE2DA21BD4E92005F7A02 /* FFmpegManager.h */ = {isa = PBXFileReference; lastKnownFileType = sourcecode.c.h; path = FFmpegManager.h; sourceTree = "<group>"; };
		D3CEE2DB21BD4E92005F7A02 /* FFmpegManager.m */ = {isa = PBXFileReference; lastKnownFileType = sourcecode.c.objc; path = FFmpegManager.m; sourceTree = "<group>"; };
/* End PBXFileReference section */

/* Begin PBXFrameworksBuildPhase section */
		D347467A21BB8AD400ECF5D5 /* Frameworks */ = {
			isa = PBXFrameworksBuildPhase;
			buildActionMask = 2147483647;
			files = (
				D3CEE27C21BD4D19005F7A02 /* libavcodec.a in Frameworks */,
				D3CEE27D21BD4D19005F7A02 /* libavfilter.a in Frameworks */,
				D3CEE27E21BD4D19005F7A02 /* libavutil.a in Frameworks */,
				D3CEE27F21BD4D19005F7A02 /* libswresample.a in Frameworks */,
				D3CEE28021BD4D19005F7A02 /* libswscale.a in Frameworks */,
				D3CEE28121BD4D19005F7A02 /* libavformat.a in Frameworks */,
				D3CEE28521BD4D4E005F7A02 /* libx264.a in Frameworks */,
				D3CEE25F21BD4967005F7A02 /* libiconv.2.dylib in Frameworks */,
				D3CEE25D21BD494B005F7A02 /* libbz2.1.0.dylib in Frameworks */,
				D3CEE25B21BD4935005F7A02 /* libz.1.dylib in Frameworks */,
				D3CEE28321BD4D3F005F7A02 /* libfdk-aac.a in Frameworks */,
				D3750B3121BCF9EA009A0F11 /* libmp3lame.a in Frameworks */,
				26B21F664CA339821BF80D52 /* libPods-LiveStreamApp.a in Frameworks */,
			);
			runOnlyForDeploymentPostprocessing = 0;
		};
/* End PBXFrameworksBuildPhase section */

/* Begin PBXGroup section */
		AC95A9FAEC81B68960773B3C /* Frameworks */ = {
			isa = PBXGroup;
			children = (
				D3CEE28421BD4D4E005F7A02 /* libx264.a */,
				D3CEE28221BD4D3E005F7A02 /* libfdk-aac.a */,
				D3CEE27621BD4D18005F7A02 /* libavcodec.a */,
				D3CEE27721BD4D19005F7A02 /* libavfilter.a */,
				D3CEE27B21BD4D19005F7A02 /* libavformat.a */,
				D3CEE27821BD4D19005F7A02 /* libavutil.a */,
				D3CEE27921BD4D19005F7A02 /* libswresample.a */,
				D3CEE27A21BD4D19005F7A02 /* libswscale.a */,
				D3CEE27421BD4D04005F7A02 /* FFmpeg-iOS */,
				D3CEE25E21BD4967005F7A02 /* libiconv.2.dylib */,
				D3CEE25C21BD494A005F7A02 /* libbz2.1.0.dylib */,
				D3CEE25A21BD4935005F7A02 /* libz.1.dylib */,
				D3750B3021BCF9EA009A0F11 /* libmp3lame.a */,
				AEDAA0FD5F9DF5F081A7C7B4 /* libPods-LiveStreamApp.a */,
			);
			name = Frameworks;
			sourceTree = "<group>";
		};
		D347467421BB8AD400ECF5D5 = {
			isa = PBXGroup;
			children = (
				D347467F21BB8AD400ECF5D5 /* LiveStreamApp */,
				D347467E21BB8AD400ECF5D5 /* Products */,
				DB9E2B895AA43FAEF00F462D /* Pods */,
				AC95A9FAEC81B68960773B3C /* Frameworks */,
			);
			sourceTree = "<group>";
		};
		D347467E21BB8AD400ECF5D5 /* Products */ = {
			isa = PBXGroup;
			children = (
				D347467D21BB8AD400ECF5D5 /* LiveStreamApp.app */,
			);
			name = Products;
			sourceTree = "<group>";
		};
		D347467F21BB8AD400ECF5D5 /* LiveStreamApp */ = {
			isa = PBXGroup;
			children = (
				D347468021BB8AD400ECF5D5 /* AppDelegate.h */,
				D347468121BB8AD400ECF5D5 /* AppDelegate.m */,
				D347468321BB8AD400ECF5D5 /* ViewController.h */,
				D347468421BB8AD400ECF5D5 /* ViewController.mm */,
				D3750B2C21BCF6A2009A0F11 /* test.pcm */,
				D347468621BB8AD400ECF5D5 /* Main.storyboard */,
				D347468921BB8AD500ECF5D5 /* Assets.xcassets */,
				D347468B21BB8AD500ECF5D5 /* LaunchScreen.storyboard */,
				D347468E21BB8AD500ECF5D5 /* Info.plist */,
				D347468F21BB8AD500ECF5D5 /* main.m */,
				D347469721BB8BD500ECF5D5 /* MP3Encoder.hpp */,
				D3CEE2DA21BD4E92005F7A02 /* FFmpegManager.h */,
				D3CEE2DB21BD4E92005F7A02 /* FFmpegManager.m */,
			);
			path = LiveStreamApp;
			sourceTree = "<group>";
		};
		DB9E2B895AA43FAEF00F462D /* Pods */ = {
			isa = PBXGroup;
			children = (
				8E55F56B8FE0616DECA1BD98 /* Pods-LiveStreamApp.debug.xcconfig */,
				562AD79AC9581D9C90A6BBC0 /* Pods-LiveStreamApp.release.xcconfig */,
			);
			name = Pods;
			sourceTree = "<group>";
		};
/* End PBXGroup section */

/* Begin PBXNativeTarget section */
		D347467C21BB8AD400ECF5D5 /* LiveStreamApp */ = {
			isa = PBXNativeTarget;
			buildConfigurationList = D347469321BB8AD500ECF5D5 /* Build configuration list for PBXNativeTarget "LiveStreamApp" */;
			buildPhases = (
				C43D0FADE043CF92CC923CAE /* [CP] Check Pods Manifest.lock */,
				D347467921BB8AD400ECF5D5 /* Sources */,
				D347467A21BB8AD400ECF5D5 /* Frameworks */,
				D347467B21BB8AD400ECF5D5 /* Resources */,
			);
			buildRules = (
			);
			dependencies = (
			);
			name = LiveStreamApp;
			productName = LiveStreamApp;
			productReference = D347467D21BB8AD400ECF5D5 /* LiveStreamApp.app */;
			productType = "com.apple.product-type.application";
		};
/* End PBXNativeTarget section */

/* Begin PBXProject section */
		D347467521BB8AD400ECF5D5 /* Project object */ = {
			isa = PBXProject;
			attributes = {
				LastUpgradeCheck = 1010;
				ORGANIZATIONNAME = "Sihang Huang";
				TargetAttributes = {
					D347467C21BB8AD400ECF5D5 = {
						CreatedOnToolsVersion = 10.1;
					};
				};
			};
			buildConfigurationList = D347467821BB8AD400ECF5D5 /* Build configuration list for PBXProject "LiveStreamApp" */;
			compatibilityVersion = "Xcode 9.3";
			developmentRegion = en;
			hasScannedForEncodings = 0;
			knownRegions = (
				en,
				Base,
			);
			mainGroup = D347467421BB8AD400ECF5D5;
			productRefGroup = D347467E21BB8AD400ECF5D5 /* Products */;
			projectDirPath = "";
			projectRoot = "";
			targets = (
				D347467C21BB8AD400ECF5D5 /* LiveStreamApp */,
			);
		};
/* End PBXProject section */

/* Begin PBXResourcesBuildPhase section */
		D347467B21BB8AD400ECF5D5 /* Resources */ = {
			isa = PBXResourcesBuildPhase;
			buildActionMask = 2147483647;
			files = (
				D347468D21BB8AD500ECF5D5 /* LaunchScreen.storyboard in Resources */,
				D347468A21BB8AD500ECF5D5 /* Assets.xcassets in Resources */,
				D3750B2D21BCF6A2009A0F11 /* test.pcm in Resources */,
				D3CEE27521BD4D04005F7A02 /* FFmpeg-iOS in Resources */,
				D347468821BB8AD400ECF5D5 /* Main.storyboard in Resources */,
			);
			runOnlyForDeploymentPostprocessing = 0;
		};
/* End PBXResourcesBuildPhase section */

/* Begin PBXShellScriptBuildPhase section */
		C43D0FADE043CF92CC923CAE /* [CP] Check Pods Manifest.lock */ = {
			isa = PBXShellScriptBuildPhase;
			buildActionMask = 2147483647;
			files = (
			);
			inputPaths = (
				"${PODS_PODFILE_DIR_PATH}/Podfile.lock",
				"${PODS_ROOT}/Manifest.lock",
			);
			name = "[CP] Check Pods Manifest.lock";
			outputPaths = (
				"$(DERIVED_FILE_DIR)/Pods-LiveStreamApp-checkManifestLockResult.txt",
			);
			runOnlyForDeploymentPostprocessing = 0;
			shellPath = /bin/sh;
			shellScript = "diff \"${PODS_PODFILE_DIR_PATH}/Podfile.lock\" \"${PODS_ROOT}/Manifest.lock\" > /dev/null\nif [ $? != 0 ] ; then\n    # print error to STDERR\n    echo \"error: The sandbox is not in sync with the Podfile.lock. Run 'pod install' or update your CocoaPods installation.\" >&2\n    exit 1\nfi\n# This output is used by Xcode 'outputs' to avoid re-running this script phase.\necho \"SUCCESS\" > \"${SCRIPT_OUTPUT_FILE_0}\"\n";
			showEnvVarsInLog = 0;
		};
/* End PBXShellScriptBuildPhase section */

/* Begin PBXSourcesBuildPhase section */
		D347467921BB8AD400ECF5D5 /* Sources */ = {
			isa = PBXSourcesBuildPhase;
			buildActionMask = 2147483647;
			files = (
				D347468521BB8AD400ECF5D5 /* ViewController.mm in Sources */,
				D347469021BB8AD500ECF5D5 /* main.m in Sources */,
				D3CEE2DC21BD4E92005F7A02 /* FFmpegManager.m in Sources */,
				D347468221BB8AD400ECF5D5 /* AppDelegate.m in Sources */,
			);
			runOnlyForDeploymentPostprocessing = 0;
		};
/* End PBXSourcesBuildPhase section */

/* Begin PBXVariantGroup section */
		D347468621BB8AD400ECF5D5 /* Main.storyboard */ = {
			isa = PBXVariantGroup;
			children = (
				D347468721BB8AD400ECF5D5 /* Base */,
			);
			name = Main.storyboard;
			sourceTree = "<group>";
		};
		D347468B21BB8AD500ECF5D5 /* LaunchScreen.storyboard */ = {
			isa = PBXVariantGroup;
			children = (
				D347468C21BB8AD500ECF5D5 /* Base */,
			);
			name = LaunchScreen.storyboard;
			sourceTree = "<group>";
		};
/* End PBXVariantGroup section */

/* Begin XCBuildConfiguration section */
		D347469121BB8AD500ECF5D5 /* Debug */ = {
			isa = XCBuildConfiguration;
			buildSettings = {
				ALWAYS_SEARCH_USER_PATHS = NO;
				CLANG_ANALYZER_NONNULL = YES;
				CLANG_ANALYZER_NUMBER_OBJECT_CONVERSION = YES_AGGRESSIVE;
				CLANG_CXX_LANGUAGE_STANDARD = "gnu++14";
				CLANG_CXX_LIBRARY = "libc++";
				CLANG_ENABLE_MODULES = YES;
				CLANG_ENABLE_OBJC_ARC = YES;
				CLANG_ENABLE_OBJC_WEAK = YES;
				CLANG_WARN_BLOCK_CAPTURE_AUTORELEASING = YES;
				CLANG_WARN_BOOL_CONVERSION = YES;
				CLANG_WARN_COMMA = YES;
				CLANG_WARN_CONSTANT_CONVERSION = YES;
				CLANG_WARN_DEPRECATED_OBJC_IMPLEMENTATIONS = YES;
				CLANG_WARN_DIRECT_OBJC_ISA_USAGE = YES_ERROR;
				CLANG_WARN_DOCUMENTATION_COMMENTS = YES;
				CLANG_WARN_EMPTY_BODY = YES;
				CLANG_WARN_ENUM_CONVERSION = YES;
				CLANG_WARN_INFINITE_RECURSION = YES;
				CLANG_WARN_INT_CONVERSION = YES;
				CLANG_WARN_NON_LITERAL_NULL_CONVERSION = YES;
				CLANG_WARN_OBJC_IMPLICIT_RETAIN_SELF = YES;
				CLANG_WARN_OBJC_LITERAL_CONVERSION = YES;
				CLANG_WARN_OBJC_ROOT_CLASS = YES_ERROR;
				CLANG_WARN_RANGE_LOOP_ANALYSIS = YES;
				CLANG_WARN_STRICT_PROTOTYPES = YES;
				CLANG_WARN_SUSPICIOUS_MOVE = YES;
				CLANG_WARN_UNGUARDED_AVAILABILITY = YES_AGGRESSIVE;
				CLANG_WARN_UNREACHABLE_CODE = YES;
				CLANG_WARN__DUPLICATE_METHOD_MATCH = YES;
				CODE_SIGN_IDENTITY = "iPhone Developer";
				COPY_PHASE_STRIP = NO;
				DEBUG_INFORMATION_FORMAT = dwarf;
				ENABLE_STRICT_OBJC_MSGSEND = YES;
				ENABLE_TESTABILITY = YES;
				GCC_C_LANGUAGE_STANDARD = gnu11;
				GCC_DYNAMIC_NO_PIC = NO;
				GCC_NO_COMMON_BLOCKS = YES;
				GCC_OPTIMIZATION_LEVEL = 0;
				GCC_PREPROCESSOR_DEFINITIONS = (
					"DEBUG=1",
					"$(inherited)",
				);
				GCC_WARN_64_TO_32_BIT_CONVERSION = YES;
				GCC_WARN_ABOUT_RETURN_TYPE = YES_ERROR;
				GCC_WARN_UNDECLARED_SELECTOR = YES;
				GCC_WARN_UNINITIALIZED_AUTOS = YES_AGGRESSIVE;
				GCC_WARN_UNUSED_FUNCTION = YES;
				GCC_WARN_UNUSED_VARIABLE = YES;
				IPHONEOS_DEPLOYMENT_TARGET = 12.1;
				MTL_ENABLE_DEBUG_INFO = INCLUDE_SOURCE;
				MTL_FAST_MATH = YES;
				ONLY_ACTIVE_ARCH = YES;
				SDKROOT = iphoneos;
			};
			name = Debug;
		};
		D347469221BB8AD500ECF5D5 /* Release */ = {
			isa = XCBuildConfiguration;
			buildSettings = {
				ALWAYS_SEARCH_USER_PATHS = NO;
				CLANG_ANALYZER_NONNULL = YES;
				CLANG_ANALYZER_NUMBER_OBJECT_CONVERSION = YES_AGGRESSIVE;
				CLANG_CXX_LANGUAGE_STANDARD = "gnu++14";
				CLANG_CXX_LIBRARY = "libc++";
				CLANG_ENABLE_MODULES = YES;
				CLANG_ENABLE_OBJC_ARC = YES;
				CLANG_ENABLE_OBJC_WEAK = YES;
				CLANG_WARN_BLOCK_CAPTURE_AUTORELEASING = YES;
				CLANG_WARN_BOOL_CONVERSION = YES;
				CLANG_WARN_COMMA = YES;
				CLANG_WARN_CONSTANT_CONVERSION = YES;
				CLANG_WARN_DEPRECATED_OBJC_IMPLEMENTATIONS = YES;
				CLANG_WARN_DIRECT_OBJC_ISA_USAGE = YES_ERROR;
				CLANG_WARN_DOCUMENTATION_COMMENTS = YES;
				CLANG_WARN_EMPTY_BODY = YES;
				CLANG_WARN_ENUM_CONVERSION = YES;
				CLANG_WARN_INFINITE_RECURSION = YES;
				CLANG_WARN_INT_CONVERSION = YES;
				CLANG_WARN_NON_LITERAL_NULL_CONVERSION = YES;
				CLANG_WARN_OBJC_IMPLICIT_RETAIN_SELF = YES;
				CLANG_WARN_OBJC_LITERAL_CONVERSION = YES;
				CLANG_WARN_OBJC_ROOT_CLASS = YES_ERROR;
				CLANG_WARN_RANGE_LOOP_ANALYSIS = YES;
				CLANG_WARN_STRICT_PROTOTYPES = YES;
				CLANG_WARN_SUSPICIOUS_MOVE = YES;
				CLANG_WARN_UNGUARDED_AVAILABILITY = YES_AGGRESSIVE;
				CLANG_WARN_UNREACHABLE_CODE = YES;
				CLANG_WARN__DUPLICATE_METHOD_MATCH = YES;
				CODE_SIGN_IDENTITY = "iPhone Developer";
				COPY_PHASE_STRIP = NO;
				DEBUG_INFORMATION_FORMAT = "dwarf-with-dsym";
				ENABLE_NS_ASSERTIONS = NO;
				ENABLE_STRICT_OBJC_MSGSEND = YES;
				GCC_C_LANGUAGE_STANDARD = gnu11;
				GCC_NO_COMMON_BLOCKS = YES;
				GCC_WARN_64_TO_32_BIT_CONVERSION = YES;
				GCC_WARN_ABOUT_RETURN_TYPE = YES_ERROR;
				GCC_WARN_UNDECLARED_SELECTOR = YES;
				GCC_WARN_UNINITIALIZED_AUTOS = YES_AGGRESSIVE;
				GCC_WARN_UNUSED_FUNCTION = YES;
				GCC_WARN_UNUSED_VARIABLE = YES;
				IPHONEOS_DEPLOYMENT_TARGET = 12.1;
				MTL_ENABLE_DEBUG_INFO = NO;
				MTL_FAST_MATH = YES;
				SDKROOT = iphoneos;
				VALIDATE_PRODUCT = YES;
			};
			name = Release;
		};
		D347469421BB8AD500ECF5D5 /* Debug */ = {
			isa = XCBuildConfiguration;
			baseConfigurationReference = 8E55F56B8FE0616DECA1BD98 /* Pods-LiveStreamApp.debug.xcconfig */;
			buildSettings = {
				ASSETCATALOG_COMPILER_APPICON_NAME = AppIcon;
				CODE_SIGN_STYLE = Automatic;
				DEVELOPMENT_TEAM = 496CFRCQ48;
				ENABLE_BITCODE = NO;
				FRAMEWORK_SEARCH_PATHS = (
					"$(inherited)",
					"\"${PODS_ROOT}/mp3lame-for-ios\"",
				);
				HEADER_SEARCH_PATHS = (
					"$(inherited)",
					"\"${PODS_ROOT}/Headers/Public\"",
					"\"${PODS_ROOT}/Headers/Public/AFNetworking\"",
					"\"${PODS_ROOT}/Headers/Public/Mantle\"",
					"\"${PODS_ROOT}/Headers/Public/mp3lame-for-ios\"",
					"$(SRCROOT)/FFmpeg-iOS/include",
				);
				INFOPLIST_FILE = LiveStreamApp/Info.plist;
				IPHONEOS_DEPLOYMENT_TARGET = 9.0;
				LD_RUNPATH_SEARCH_PATHS = (
					"$(inherited)",
					"@executable_path/Frameworks",
				);
				LIBRARY_SEARCH_PATHS = (
					"$(inherited)",
					"$(PROJECT_DIR)",
					"$(PROJECT_DIR)/FFmpeg-iOS/lib",
				);
				PRODUCT_BUNDLE_IDENTIFIER = com.LiveStreamApp;
				PRODUCT_NAME = "$(TARGET_NAME)";
				TARGETED_DEVICE_FAMILY = "1,2";
			};
			name = Debug;
		};
		D347469521BB8AD500ECF5D5 /* Release */ = {
			isa = XCBuildConfiguration;
			baseConfigurationReference = 562AD79AC9581D9C90A6BBC0 /* Pods-LiveStreamApp.release.xcconfig */;
			buildSettings = {
				ASSETCATALOG_COMPILER_APPICON_NAME = AppIcon;
				CODE_SIGN_STYLE = Automatic;
				DEVELOPMENT_TEAM = 496CFRCQ48;
				ENABLE_BITCODE = NO;
				FRAMEWORK_SEARCH_PATHS = (
					"$(inherited)",
					"\"${PODS_ROOT}/mp3lame-for-ios\"",
				);
				HEADER_SEARCH_PATHS = (
					"$(inherited)",
					"\"${PODS_ROOT}/Headers/Public\"",
					"\"${PODS_ROOT}/Headers/Public/AFNetworking\"",
					"\"${PODS_ROOT}/Headers/Public/Mantle\"",
					"\"${PODS_ROOT}/Headers/Public/mp3lame-for-ios\"",
					"$(SRCROOT)/FFmpeg-iOS/include",
				);
				INFOPLIST_FILE = LiveStreamApp/Info.plist;
				IPHONEOS_DEPLOYMENT_TARGET = 9.0;
				LD_RUNPATH_SEARCH_PATHS = (
					"$(inherited)",
					"@executable_path/Frameworks",
				);
				LIBRARY_SEARCH_PATHS = (
					"$(inherited)",
					"$(PROJECT_DIR)",
					"$(PROJECT_DIR)/FFmpeg-iOS/lib",
				);
				PRODUCT_BUNDLE_IDENTIFIER = com.LiveStreamApp;
				PRODUCT_NAME = "$(TARGET_NAME)";
				TARGETED_DEVICE_FAMILY = "1,2";
			};
			name = Release;
		};
/* End XCBuildConfiguration section */

/* Begin XCConfigurationList section */
		D347467821BB8AD400ECF5D5 /* Build configuration list for PBXProject "LiveStreamApp" */ = {
			isa = XCConfigurationList;
			buildConfigurations = (
				D347469121BB8AD500ECF5D5 /* Debug */,
				D347469221BB8AD500ECF5D5 /* Release */,
			);
			defaultConfigurationIsVisible = 0;
			defaultConfigurationName = Release;
		};
		D347469321BB8AD500ECF5D5 /* Build configuration list for PBXNativeTarget "LiveStreamApp" */ = {
			isa = XCConfigurationList;
			buildConfigurations = (
				D347469421BB8AD500ECF5D5 /* Debug */,
				D347469521BB8AD500ECF5D5 /* Release */,
			);
			defaultConfigurationIsVisible = 0;
			defaultConfigurationName = Release;
		};
/* End XCConfigurationList section */
	};
	rootObject = D347467521BB8AD400ECF5D5 /* Project object */;
}
